
Microsoft Visual Studio Solution File, Format Version 12.00
# Visual Studio Version 17
VisualStudioVersion = 17.0.31903.59
MinimumVisualStudioVersion = 10.0.40219.1
Project("{FAE04EC0-301F-11D3-BF4B-00C04F79EFBC}") = "Host", "src\Host\Host.csproj", "{1B0A04C3-E6BC-0FB7-7994-7C99BDAB1788}"
EndProject
Project("{2150E333-8FDC-42A3-9474-1A3956D46DE8}") = "Solution Items", "Solution Items", "{EE6FB763-D2BC-48C0-ACB3-79C7851DC1C2}"
	ProjectSection(SolutionItems) = preProject
		Directory.Build.props = Directory.Build.props
		Directory.Packages.props = Directory.Packages.props
	EndProjectSection
EndProject
Project("{FAE04EC0-301F-11D3-BF4B-00C04F79EFBC}") = "Authentication.Application", "src\Modules\Authentication\Authentication.Application\Authentication.Application.csproj", "{4C9861BC-79EB-49FF-93D2-472B239B7491}"
EndProject
Project("{FAE04EC0-301F-11D3-BF4B-00C04F79EFBC}") = "Authentication.Persistence", "src\Modules\Authentication\Authentication.Persistence\Authentication.Persistence.csproj", "{A11D5CD4-4152-4668-8D9F-F980B9CC73BB}"
EndProject
Project("{FAE04EC0-301F-11D3-BF4B-00C04F79EFBC}") = "Authentication.Infrastructure", "src\Modules\Authentication\Authentication.Infrastructure\Authentication.Infrastructure.csproj", "{049BD2AC-7015-4FF3-A65D-3D67E9793F7F}"
EndProject
Project("{FAE04EC0-301F-11D3-BF4B-00C04F79EFBC}") = "Authentication.Presentation", "src\Modules\Authentication\Authentication.Presentation\Authentication.Presentation.csproj", "{9A14716A-FE74-4F5F-94B9-7145F8945138}"
EndProject
Project("{FAE04EC0-301F-11D3-BF4B-00C04F79EFBC}") = "Authentication.Facade", "src\Modules\Authentication\Authentication.Facade\Authentication.Facade.csproj", "{4A335B1A-EB41-4924-8AB5-FB06DC0B4840}"
EndProject
Project("{FAE04EC0-301F-11D3-BF4B-00C04F79EFBC}") = "Core.Domain", "src\Modules\Core\Core.Domain\Core.Domain.csproj", "{1D6E0FC1-ED51-45FE-A4D5-4A287CB7F03F}"
EndProject
Project("{FAE04EC0-301F-11D3-BF4B-00C04F79EFBC}") = "Core.Application", "src\Modules\Core\Core.Application\Core.Application.csproj", "{B43A77BE-B91F-49C7-8352-CA91BB81F6B0}"
EndProject
Project("{FAE04EC0-301F-11D3-BF4B-00C04F79EFBC}") = "Core.Persistence", "src\Modules\Core\Core.Persistence\Core.Persistence.csproj", "{58538763-3522-4F31-9CD5-C5F4EC9E68C7}"
EndProject
Project("{FAE04EC0-301F-11D3-BF4B-00C04F79EFBC}") = "Core.Infrastructure", "src\Modules\Core\Core.Infrastructure\Core.Infrastructure.csproj", "{99926755-D857-4243-BF15-7E0AE3B4783B}"
EndProject
Project("{FAE04EC0-301F-11D3-BF4B-00C04F79EFBC}") = "Core.Presentation", "src\Modules\Core\Core.Presentation\Core.Presentation.csproj", "{CEB5682D-BE65-46E2-AB92-F70A59C70982}"
EndProject
Project("{FAE04EC0-301F-11D3-BF4B-00C04F79EFBC}") = "Core.Facade", "src\Modules\Core\Core.Facade\Core.Facade.csproj", "{4A9F98D8-1FC4-4E01-AF8B-97A2DFDDB22F}"
EndProject
Project("{FAE04EC0-301F-11D3-BF4B-00C04F79EFBC}") = "Users.Domain", "src\Modules\Users\Users.Domain\Users.Domain.csproj", "{32A045A9-6B8B-46E8-BBA1-E57B93748A4C}"
EndProject
Project("{FAE04EC0-301F-11D3-BF4B-00C04F79EFBC}") = "Users.Application", "src\Modules\Users\Users.Application\Users.Application.csproj", "{D0A87A00-E651-47D2-9CD0-70E73EDC830A}"
EndProject
Project("{FAE04EC0-301F-11D3-BF4B-00C04F79EFBC}") = "Users.Persistence", "src\Modules\Users\Users.Persistence\Users.Persistence.csproj", "{367F4EB2-27E5-46F8-A84A-DBA8E124C3C3}"
EndProject
Project("{FAE04EC0-301F-11D3-BF4B-00C04F79EFBC}") = "Users.Infrastructure", "src\Modules\Users\Users.Infrastructure\Users.Infrastructure.csproj", "{A117258C-4814-4BFD-9ABE-1C041FB381F5}"
EndProject
Project("{FAE04EC0-301F-11D3-BF4B-00C04F79EFBC}") = "Users.Presentation", "src\Modules\Users\Users.Presentation\Users.Presentation.csproj", "{324F45B1-333D-4C23-B5D9-97BAB9BECA5A}"
EndProject
Project("{FAE04EC0-301F-11D3-BF4B-00C04F79EFBC}") = "Users.Facade", "src\Modules\Users\Users.Facade\Users.Facade.csproj", "{E943E121-CCDC-45D8-ABFF-E7563B0CCC87}"
EndProject
Project("{2150E333-8FDC-42A3-9474-1A3956D46DE8}") = "src", "src", "{827E0CD3-B72D-47B6-A68D-7590B98EB39B}"
EndProject
Project("{2150E333-8FDC-42A3-9474-1A3956D46DE8}") = "Modules", "Modules", "{EC447DCF-ABFA-6E24-52A5-D7FD48A5C558}"
EndProject
Project("{2150E333-8FDC-42A3-9474-1A3956D46DE8}") = "Authentication", "Authentication", "{B84A1BDD-2941-2BDC-15F2-488482FDCA47}"
EndProject
Project("{FAE04EC0-301F-11D3-BF4B-00C04F79EFBC}") = "Authentication.Domain", "src\Modules\Authentication\Authentication.Domain\Authentication.Domain.csproj", "{E6DC5D9B-F123-481B-B41B-C7116C91CC14}"
EndProject
Global
	GlobalSection(SolutionConfigurationPlatforms) = preSolution
		Debug|Any CPU = Debug|Any CPU
		Debug|x64 = Debug|x64
		Debug|x86 = Debug|x86
		Release|Any CPU = Release|Any CPU
		Release|x64 = Release|x64
		Release|x86 = Release|x86
	EndGlobalSection
	GlobalSection(ProjectConfigurationPlatforms) = postSolution
		{1B0A04C3-E6BC-0FB7-7994-7C99BDAB1788}.Debug|Any CPU.ActiveCfg = Debug|Any CPU
		{1B0A04C3-E6BC-0FB7-7994-7C99BDAB1788}.Debug|Any CPU.Build.0 = Debug|Any CPU
		{1B0A04C3-E6BC-0FB7-7994-7C99BDAB1788}.Debug|x64.ActiveCfg = Debug|Any CPU
		{1B0A04C3-E6BC-0FB7-7994-7C99BDAB1788}.Debug|x64.Build.0 = Debug|Any CPU
		{1B0A04C3-E6BC-0FB7-7994-7C99BDAB1788}.Debug|x86.ActiveCfg = Debug|Any CPU
		{1B0A04C3-E6BC-0FB7-7994-7C99BDAB1788}.Debug|x86.Build.0 = Debug|Any CPU
		{1B0A04C3-E6BC-0FB7-7994-7C99BDAB1788}.Release|Any CPU.ActiveCfg = Release|Any CPU
		{1B0A04C3-E6BC-0FB7-7994-7C99BDAB1788}.Release|Any CPU.Build.0 = Release|Any CPU
		{1B0A04C3-E6BC-0FB7-7994-7C99BDAB1788}.Release|x64.ActiveCfg = Release|Any CPU
		{1B0A04C3-E6BC-0FB7-7994-7C99BDAB1788}.Release|x64.Build.0 = Release|Any CPU
		{1B0A04C3-E6BC-0FB7-7994-7C99BDAB1788}.Release|x86.ActiveCfg = Release|Any CPU
		{1B0A04C3-E6BC-0FB7-7994-7C99BDAB1788}.Release|x86.Build.0 = Release|Any CPU
		{4C9861BC-79EB-49FF-93D2-472B239B7491}.Debug|Any CPU.ActiveCfg = Debug|Any CPU
		{4C9861BC-79EB-49FF-93D2-472B239B7491}.Debug|Any CPU.Build.0 = Debug|Any CPU
		{4C9861BC-79EB-49FF-93D2-472B239B7491}.Debug|x64.ActiveCfg = Debug|Any CPU
		{4C9861BC-79EB-49FF-93D2-472B239B7491}.Debug|x64.Build.0 = Debug|Any CPU
		{4C9861BC-79EB-49FF-93D2-472B239B7491}.Debug|x86.ActiveCfg = Debug|Any CPU
		{4C9861BC-79EB-49FF-93D2-472B239B7491}.Debug|x86.Build.0 = Debug|Any CPU
		{4C9861BC-79EB-49FF-93D2-472B239B7491}.Release|Any CPU.ActiveCfg = Release|Any CPU
		{4C9861BC-79EB-49FF-93D2-472B239B7491}.Release|Any CPU.Build.0 = Release|Any CPU
		{4C9861BC-79EB-49FF-93D2-472B239B7491}.Release|x64.ActiveCfg = Release|Any CPU
		{4C9861BC-79EB-49FF-93D2-472B239B7491}.Release|x64.Build.0 = Release|Any CPU
		{4C9861BC-79EB-49FF-93D2-472B239B7491}.Release|x86.ActiveCfg = Release|Any CPU
		{4C9861BC-79EB-49FF-93D2-472B239B7491}.Release|x86.Build.0 = Release|Any CPU
		{A11D5CD4-4152-4668-8D9F-F980B9CC73BB}.Debug|Any CPU.ActiveCfg = Debug|Any CPU
		{A11D5CD4-4152-4668-8D9F-F980B9CC73BB}.Debug|Any CPU.Build.0 = Debug|Any CPU
		{A11D5CD4-4152-4668-8D9F-F980B9CC73BB}.Debug|x64.ActiveCfg = Debug|Any CPU
		{A11D5CD4-4152-4668-8D9F-F980B9CC73BB}.Debug|x64.Build.0 = Debug|Any CPU
		{A11D5CD4-4152-4668-8D9F-F980B9CC73BB}.Debug|x86.ActiveCfg = Debug|Any CPU
		{A11D5CD4-4152-4668-8D9F-F980B9CC73BB}.Debug|x86.Build.0 = Debug|Any CPU
		{A11D5CD4-4152-4668-8D9F-F980B9CC73BB}.Release|Any CPU.ActiveCfg = Release|Any CPU
		{A11D5CD4-4152-4668-8D9F-F980B9CC73BB}.Release|Any CPU.Build.0 = Release|Any CPU
		{A11D5CD4-4152-4668-8D9F-F980B9CC73BB}.Release|x64.ActiveCfg = Release|Any CPU
		{A11D5CD4-4152-4668-8D9F-F980B9CC73BB}.Release|x64.Build.0 = Release|Any CPU
		{A11D5CD4-4152-4668-8D9F-F980B9CC73BB}.Release|x86.ActiveCfg = Release|Any CPU
		{A11D5CD4-4152-4668-8D9F-F980B9CC73BB}.Release|x86.Build.0 = Release|Any CPU
		{049BD2AC-7015-4FF3-A65D-3D67E9793F7F}.Debug|Any CPU.ActiveCfg = Debug|Any CPU
		{049BD2AC-7015-4FF3-A65D-3D67E9793F7F}.Debug|Any CPU.Build.0 = Debug|Any CPU
		{049BD2AC-7015-4FF3-A65D-3D67E9793F7F}.Debug|x64.ActiveCfg = Debug|Any CPU
		{049BD2AC-7015-4FF3-A65D-3D67E9793F7F}.Debug|x64.Build.0 = Debug|Any CPU
		{049BD2AC-7015-4FF3-A65D-3D67E9793F7F}.Debug|x86.ActiveCfg = Debug|Any CPU
		{049BD2AC-7015-4FF3-A65D-3D67E9793F7F}.Debug|x86.Build.0 = Debug|Any CPU
		{049BD2AC-7015-4FF3-A65D-3D67E9793F7F}.Release|Any CPU.ActiveCfg = Release|Any CPU
		{049BD2AC-7015-4FF3-A65D-3D67E9793F7F}.Release|Any CPU.Build.0 = Release|Any CPU
		{049BD2AC-7015-4FF3-A65D-3D67E9793F7F}.Release|x64.ActiveCfg = Release|Any CPU
		{049BD2AC-7015-4FF3-A65D-3D67E9793F7F}.Release|x64.Build.0 = Release|Any CPU
		{049BD2AC-7015-4FF3-A65D-3D67E9793F7F}.Release|x86.ActiveCfg = Release|Any CPU
		{049BD2AC-7015-4FF3-A65D-3D67E9793F7F}.Release|x86.Build.0 = Release|Any CPU
		{9A14716A-FE74-4F5F-94B9-7145F8945138}.Debug|Any CPU.ActiveCfg = Debug|Any CPU
		{9A14716A-FE74-4F5F-94B9-7145F8945138}.Debug|Any CPU.Build.0 = Debug|Any CPU
		{9A14716A-FE74-4F5F-94B9-7145F8945138}.Debug|x64.ActiveCfg = Debug|Any CPU
		{9A14716A-FE74-4F5F-94B9-7145F8945138}.Debug|x64.Build.0 = Debug|Any CPU
		{9A14716A-FE74-4F5F-94B9-7145F8945138}.Debug|x86.ActiveCfg = Debug|Any CPU
		{9A14716A-FE74-4F5F-94B9-7145F8945138}.Debug|x86.Build.0 = Debug|Any CPU
		{9A14716A-FE74-4F5F-94B9-7145F8945138}.Release|Any CPU.ActiveCfg = Release|Any CPU
		{9A14716A-FE74-4F5F-94B9-7145F8945138}.Release|Any CPU.Build.0 = Release|Any CPU
		{9A14716A-FE74-4F5F-94B9-7145F8945138}.Release|x64.ActiveCfg = Release|Any CPU
		{9A14716A-FE74-4F5F-94B9-7145F8945138}.Release|x64.Build.0 = Release|Any CPU
		{9A14716A-FE74-4F5F-94B9-7145F8945138}.Release|x86.ActiveCfg = Release|Any CPU
		{9A14716A-FE74-4F5F-94B9-7145F8945138}.Release|x86.Build.0 = Release|Any CPU
		{4A335B1A-EB41-4924-8AB5-FB06DC0B4840}.Debug|Any CPU.ActiveCfg = Debug|Any CPU
		{4A335B1A-EB41-4924-8AB5-FB06DC0B4840}.Debug|Any CPU.Build.0 = Debug|Any CPU
		{4A335B1A-EB41-4924-8AB5-FB06DC0B4840}.Debug|x64.ActiveCfg = Debug|Any CPU
		{4A335B1A-EB41-4924-8AB5-FB06DC0B4840}.Debug|x64.Build.0 = Debug|Any CPU
		{4A335B1A-EB41-4924-8AB5-FB06DC0B4840}.Debug|x86.ActiveCfg = Debug|Any CPU
		{4A335B1A-EB41-4924-8AB5-FB06DC0B4840}.Debug|x86.Build.0 = Debug|Any CPU
		{4A335B1A-EB41-4924-8AB5-FB06DC0B4840}.Release|Any CPU.ActiveCfg = Release|Any CPU
		{4A335B1A-EB41-4924-8AB5-FB06DC0B4840}.Release|Any CPU.Build.0 = Release|Any CPU
		{4A335B1A-EB41-4924-8AB5-FB06DC0B4840}.Release|x64.ActiveCfg = Release|Any CPU
		{4A335B1A-EB41-4924-8AB5-FB06DC0B4840}.Release|x64.Build.0 = Release|Any CPU
		{4A335B1A-EB41-4924-8AB5-FB06DC0B4840}.Release|x86.ActiveCfg = Release|Any CPU
		{4A335B1A-EB41-4924-8AB5-FB06DC0B4840}.Release|x86.Build.0 = Release|Any CPU
		{1D6E0FC1-ED51-45FE-A4D5-4A287CB7F03F}.Debug|Any CPU.ActiveCfg = Debug|Any CPU
		{1D6E0FC1-ED51-45FE-A4D5-4A287CB7F03F}.Debug|Any CPU.Build.0 = Debug|Any CPU
		{1D6E0FC1-ED51-45FE-A4D5-4A287CB7F03F}.Debug|x64.ActiveCfg = Debug|Any CPU
		{1D6E0FC1-ED51-45FE-A4D5-4A287CB7F03F}.Debug|x64.Build.0 = Debug|Any CPU
		{1D6E0FC1-ED51-45FE-A4D5-4A287CB7F03F}.Debug|x86.ActiveCfg = Debug|Any CPU
		{1D6E0FC1-ED51-45FE-A4D5-4A287CB7F03F}.Debug|x86.Build.0 = Debug|Any CPU
		{1D6E0FC1-ED51-45FE-A4D5-4A287CB7F03F}.Release|Any CPU.ActiveCfg = Release|Any CPU
		{1D6E0FC1-ED51-45FE-A4D5-4A287CB7F03F}.Release|Any CPU.Build.0 = Release|Any CPU
		{1D6E0FC1-ED51-45FE-A4D5-4A287CB7F03F}.Release|x64.ActiveCfg = Release|Any CPU
		{1D6E0FC1-ED51-45FE-A4D5-4A287CB7F03F}.Release|x64.Build.0 = Release|Any CPU
		{1D6E0FC1-ED51-45FE-A4D5-4A287CB7F03F}.Release|x86.ActiveCfg = Release|Any CPU
		{1D6E0FC1-ED51-45FE-A4D5-4A287CB7F03F}.Release|x86.Build.0 = Release|Any CPU
		{B43A77BE-B91F-49C7-8352-CA91BB81F6B0}.Debug|Any CPU.ActiveCfg = Debug|Any CPU
		{B43A77BE-B91F-49C7-8352-CA91BB81F6B0}.Debug|Any CPU.Build.0 = Debug|Any CPU
		{B43A77BE-B91F-49C7-8352-CA91BB81F6B0}.Debug|x64.ActiveCfg = Debug|Any CPU
		{B43A77BE-B91F-49C7-8352-CA91BB81F6B0}.Debug|x64.Build.0 = Debug|Any CPU
		{B43A77BE-B91F-49C7-8352-CA91BB81F6B0}.Debug|x86.ActiveCfg = Debug|Any CPU
		{B43A77BE-B91F-49C7-8352-CA91BB81F6B0}.Debug|x86.Build.0 = Debug|Any CPU
		{B43A77BE-B91F-49C7-8352-CA91BB81F6B0}.Release|Any CPU.ActiveCfg = Release|Any CPU
		{B43A77BE-B91F-49C7-8352-CA91BB81F6B0}.Release|Any CPU.Build.0 = Release|Any CPU
		{B43A77BE-B91F-49C7-8352-CA91BB81F6B0}.Release|x64.ActiveCfg = Release|Any CPU
		{B43A77BE-B91F-49C7-8352-CA91BB81F6B0}.Release|x64.Build.0 = Release|Any CPU
		{B43A77BE-B91F-49C7-8352-CA91BB81F6B0}.Release|x86.ActiveCfg = Release|Any CPU
		{B43A77BE-B91F-49C7-8352-CA91BB81F6B0}.Release|x86.Build.0 = Release|Any CPU
		{58538763-3522-4F31-9CD5-C5F4EC9E68C7}.Debug|Any CPU.ActiveCfg = Debug|Any CPU
		{58538763-3522-4F31-9CD5-C5F4EC9E68C7}.Debug|Any CPU.Build.0 = Debug|Any CPU
		{58538763-3522-4F31-9CD5-C5F4EC9E68C7}.Debug|x64.ActiveCfg = Debug|Any CPU
		{58538763-3522-4F31-9CD5-C5F4EC9E68C7}.Debug|x64.Build.0 = Debug|Any CPU
		{58538763-3522-4F31-9CD5-C5F4EC9E68C7}.Debug|x86.ActiveCfg = Debug|Any CPU
		{58538763-3522-4F31-9CD5-C5F4EC9E68C7}.Debug|x86.Build.0 = Debug|Any CPU
		{58538763-3522-4F31-9CD5-C5F4EC9E68C7}.Release|Any CPU.ActiveCfg = Release|Any CPU
		{58538763-3522-4F31-9CD5-C5F4EC9E68C7}.Release|Any CPU.Build.0 = Release|Any CPU
		{58538763-3522-4F31-9CD5-C5F4EC9E68C7}.Release|x64.ActiveCfg = Release|Any CPU
		{58538763-3522-4F31-9CD5-C5F4EC9E68C7}.Release|x64.Build.0 = Release|Any CPU
		{58538763-3522-4F31-9CD5-C5F4EC9E68C7}.Release|x86.ActiveCfg = Release|Any CPU
		{58538763-3522-4F31-9CD5-C5F4EC9E68C7}.Release|x86.Build.0 = Release|Any CPU
		{99926755-D857-4243-BF15-7E0AE3B4783B}.Debug|Any CPU.ActiveCfg = Debug|Any CPU
		{99926755-D857-4243-BF15-7E0AE3B4783B}.Debug|Any CPU.Build.0 = Debug|Any CPU
		{99926755-D857-4243-BF15-7E0AE3B4783B}.Debug|x64.ActiveCfg = Debug|Any CPU
		{99926755-D857-4243-BF15-7E0AE3B4783B}.Debug|x64.Build.0 = Debug|Any CPU
		{99926755-D857-4243-BF15-7E0AE3B4783B}.Debug|x86.ActiveCfg = Debug|Any CPU
		{99926755-D857-4243-BF15-7E0AE3B4783B}.Debug|x86.Build.0 = Debug|Any CPU
		{99926755-D857-4243-BF15-7E0AE3B4783B}.Release|Any CPU.ActiveCfg = Release|Any CPU
		{99926755-D857-4243-BF15-7E0AE3B4783B}.Release|Any CPU.Build.0 = Release|Any CPU
		{99926755-D857-4243-BF15-7E0AE3B4783B}.Release|x64.ActiveCfg = Release|Any CPU
		{99926755-D857-4243-BF15-7E0AE3B4783B}.Release|x64.Build.0 = Release|Any CPU
		{99926755-D857-4243-BF15-7E0AE3B4783B}.Release|x86.ActiveCfg = Release|Any CPU
		{99926755-D857-4243-BF15-7E0AE3B4783B}.Release|x86.Build.0 = Release|Any CPU
		{CEB5682D-BE65-46E2-AB92-F70A59C70982}.Debug|Any CPU.ActiveCfg = Debug|Any CPU
		{CEB5682D-BE65-46E2-AB92-F70A59C70982}.Debug|Any CPU.Build.0 = Debug|Any CPU
		{CEB5682D-BE65-46E2-AB92-F70A59C70982}.Debug|x64.ActiveCfg = Debug|Any CPU
		{CEB5682D-BE65-46E2-AB92-F70A59C70982}.Debug|x64.Build.0 = Debug|Any CPU
		{CEB5682D-BE65-46E2-AB92-F70A59C70982}.Debug|x86.ActiveCfg = Debug|Any CPU
		{CEB5682D-BE65-46E2-AB92-F70A59C70982}.Debug|x86.Build.0 = Debug|Any CPU
		{CEB5682D-BE65-46E2-AB92-F70A59C70982}.Release|Any CPU.ActiveCfg = Release|Any CPU
		{CEB5682D-BE65-46E2-AB92-F70A59C70982}.Release|Any CPU.Build.0 = Release|Any CPU
		{CEB5682D-BE65-46E2-AB92-F70A59C70982}.Release|x64.ActiveCfg = Release|Any CPU
		{CEB5682D-BE65-46E2-AB92-F70A59C70982}.Release|x64.Build.0 = Release|Any CPU
		{CEB5682D-BE65-46E2-AB92-F70A59C70982}.Release|x86.ActiveCfg = Release|Any CPU
		{CEB5682D-BE65-46E2-AB92-F70A59C70982}.Release|x86.Build.0 = Release|Any CPU
		{4A9F98D8-1FC4-4E01-AF8B-97A2DFDDB22F}.Debug|Any CPU.ActiveCfg = Debug|Any CPU
		{4A9F98D8-1FC4-4E01-AF8B-97A2DFDDB22F}.Debug|Any CPU.Build.0 = Debug|Any CPU
		{4A9F98D8-1FC4-4E01-AF8B-97A2DFDDB22F}.Debug|x64.ActiveCfg = Debug|Any CPU
		{4A9F98D8-1FC4-4E01-AF8B-97A2DFDDB22F}.Debug|x64.Build.0 = Debug|Any CPU
		{4A9F98D8-1FC4-4E01-AF8B-97A2DFDDB22F}.Debug|x86.ActiveCfg = Debug|Any CPU
		{4A9F98D8-1FC4-4E01-AF8B-97A2DFDDB22F}.Debug|x86.Build.0 = Debug|Any CPU
		{4A9F98D8-1FC4-4E01-AF8B-97A2DFDDB22F}.Release|Any CPU.ActiveCfg = Release|Any CPU
		{4A9F98D8-1FC4-4E01-AF8B-97A2DFDDB22F}.Release|Any CPU.Build.0 = Release|Any CPU
		{4A9F98D8-1FC4-4E01-AF8B-97A2DFDDB22F}.Release|x64.ActiveCfg = Release|Any CPU
		{4A9F98D8-1FC4-4E01-AF8B-97A2DFDDB22F}.Release|x64.Build.0 = Release|Any CPU
		{4A9F98D8-1FC4-4E01-AF8B-97A2DFDDB22F}.Release|x86.ActiveCfg = Release|Any CPU
		{4A9F98D8-1FC4-4E01-AF8B-97A2DFDDB22F}.Release|x86.Build.0 = Release|Any CPU
		{32A045A9-6B8B-46E8-BBA1-E57B93748A4C}.Debug|Any CPU.ActiveCfg = Debug|Any CPU
		{32A045A9-6B8B-46E8-BBA1-E57B93748A4C}.Debug|Any CPU.Build.0 = Debug|Any CPU
		{32A045A9-6B8B-46E8-BBA1-E57B93748A4C}.Debug|x64.ActiveCfg = Debug|Any CPU
		{32A045A9-6B8B-46E8-BBA1-E57B93748A4C}.Debug|x64.Build.0 = Debug|Any CPU
		{32A045A9-6B8B-46E8-BBA1-E57B93748A4C}.Debug|x86.ActiveCfg = Debug|Any CPU
		{32A045A9-6B8B-46E8-BBA1-E57B93748A4C}.Debug|x86.Build.0 = Debug|Any CPU
		{32A045A9-6B8B-46E8-BBA1-E57B93748A4C}.Release|Any CPU.ActiveCfg = Release|Any CPU
		{32A045A9-6B8B-46E8-BBA1-E57B93748A4C}.Release|Any CPU.Build.0 = Release|Any CPU
		{32A045A9-6B8B-46E8-BBA1-E57B93748A4C}.Release|x64.ActiveCfg = Release|Any CPU
		{32A045A9-6B8B-46E8-BBA1-E57B93748A4C}.Release|x64.Build.0 = Release|Any CPU
		{32A045A9-6B8B-46E8-BBA1-E57B93748A4C}.Release|x86.ActiveCfg = Release|Any CPU
		{32A045A9-6B8B-46E8-BBA1-E57B93748A4C}.Release|x86.Build.0 = Release|Any CPU
		{D0A87A00-E651-47D2-9CD0-70E73EDC830A}.Debug|Any CPU.ActiveCfg = Debug|Any CPU
		{D0A87A00-E651-47D2-9CD0-70E73EDC830A}.Debug|Any CPU.Build.0 = Debug|Any CPU
		{D0A87A00-E651-47D2-9CD0-70E73EDC830A}.Debug|x64.ActiveCfg = Debug|Any CPU
		{D0A87A00-E651-47D2-9CD0-70E73EDC830A}.Debug|x64.Build.0 = Debug|Any CPU
		{D0A87A00-E651-47D2-9CD0-70E73EDC830A}.Debug|x86.ActiveCfg = Debug|Any CPU
		{D0A87A00-E651-47D2-9CD0-70E73EDC830A}.Debug|x86.Build.0 = Debug|Any CPU
		{D0A87A00-E651-47D2-9CD0-70E73EDC830A}.Release|Any CPU.ActiveCfg = Release|Any CPU
		{D0A87A00-E651-47D2-9CD0-70E73EDC830A}.Release|Any CPU.Build.0 = Release|Any CPU
		{D0A87A00-E651-47D2-9CD0-70E73EDC830A}.Release|x64.ActiveCfg = Release|Any CPU
		{D0A87A00-E651-47D2-9CD0-70E73EDC830A}.Release|x64.Build.0 = Release|Any CPU
		{D0A87A00-E651-47D2-9CD0-70E73EDC830A}.Release|x86.ActiveCfg = Release|Any CPU
		{D0A87A00-E651-47D2-9CD0-70E73EDC830A}.Release|x86.Build.0 = Release|Any CPU
		{367F4EB2-27E5-46F8-A84A-DBA8E124C3C3}.Debug|Any CPU.ActiveCfg = Debug|Any CPU
		{367F4EB2-27E5-46F8-A84A-DBA8E124C3C3}.Debug|Any CPU.Build.0 = Debug|Any CPU
		{367F4EB2-27E5-46F8-A84A-DBA8E124C3C3}.Debug|x64.ActiveCfg = Debug|Any CPU
		{367F4EB2-27E5-46F8-A84A-DBA8E124C3C3}.Debug|x64.Build.0 = Debug|Any CPU
		{367F4EB2-27E5-46F8-A84A-DBA8E124C3C3}.Debug|x86.ActiveCfg = Debug|Any CPU
		{367F4EB2-27E5-46F8-A84A-DBA8E124C3C3}.Debug|x86.Build.0 = Debug|Any CPU
		{367F4EB2-27E5-46F8-A84A-DBA8E124C3C3}.Release|Any CPU.ActiveCfg = Release|Any CPU
		{367F4EB2-27E5-46F8-A84A-DBA8E124C3C3}.Release|Any CPU.Build.0 = Release|Any CPU
		{367F4EB2-27E5-46F8-A84A-DBA8E124C3C3}.Release|x64.ActiveCfg = Release|Any CPU
		{367F4EB2-27E5-46F8-A84A-DBA8E124C3C3}.Release|x64.Build.0 = Release|Any CPU
		{367F4EB2-27E5-46F8-A84A-DBA8E124C3C3}.Release|x86.ActiveCfg = Release|Any CPU
		{367F4EB2-27E5-46F8-A84A-DBA8E124C3C3}.Release|x86.Build.0 = Release|Any CPU
		{A117258C-4814-4BFD-9ABE-1C041FB381F5}.Debug|Any CPU.ActiveCfg = Debug|Any CPU
		{A117258C-4814-4BFD-9ABE-1C041FB381F5}.Debug|Any CPU.Build.0 = Debug|Any CPU
		{A117258C-4814-4BFD-9ABE-1C041FB381F5}.Debug|x64.ActiveCfg = Debug|Any CPU
		{A117258C-4814-4BFD-9ABE-1C041FB381F5}.Debug|x64.Build.0 = Debug|Any CPU
		{A117258C-4814-4BFD-9ABE-1C041FB381F5}.Debug|x86.ActiveCfg = Debug|Any CPU
		{A117258C-4814-4BFD-9ABE-1C041FB381F5}.Debug|x86.Build.0 = Debug|Any CPU
		{A117258C-4814-4BFD-9ABE-1C041FB381F5}.Release|Any CPU.ActiveCfg = Release|Any CPU
		{A117258C-4814-4BFD-9ABE-1C041FB381F5}.Release|Any CPU.Build.0 = Release|Any CPU
		{A117258C-4814-4BFD-9ABE-1C041FB381F5}.Release|x64.ActiveCfg = Release|Any CPU
		{A117258C-4814-4BFD-9ABE-1C041FB381F5}.Release|x64.Build.0 = Release|Any CPU
		{A117258C-4814-4BFD-9ABE-1C041FB381F5}.Release|x86.ActiveCfg = Release|Any CPU
		{A117258C-4814-4BFD-9ABE-1C041FB381F5}.Release|x86.Build.0 = Release|Any CPU
		{324F45B1-333D-4C23-B5D9-97BAB9BECA5A}.Debug|Any CPU.ActiveCfg = Debug|Any CPU
		{324F45B1-333D-4C23-B5D9-97BAB9BECA5A}.Debug|Any CPU.Build.0 = Debug|Any CPU
		{324F45B1-333D-4C23-B5D9-97BAB9BECA5A}.Debug|x64.ActiveCfg = Debug|Any CPU
		{324F45B1-333D-4C23-B5D9-97BAB9BECA5A}.Debug|x64.Build.0 = Debug|Any CPU
		{324F45B1-333D-4C23-B5D9-97BAB9BECA5A}.Debug|x86.ActiveCfg = Debug|Any CPU
		{324F45B1-333D-4C23-B5D9-97BAB9BECA5A}.Debug|x86.Build.0 = Debug|Any CPU
		{324F45B1-333D-4C23-B5D9-97BAB9BECA5A}.Release|Any CPU.ActiveCfg = Release|Any CPU
		{324F45B1-333D-4C23-B5D9-97BAB9BECA5A}.Release|Any CPU.Build.0 = Release|Any CPU
		{324F45B1-333D-4C23-B5D9-97BAB9BECA5A}.Release|x64.ActiveCfg = Release|Any CPU
		{324F45B1-333D-4C23-B5D9-97BAB9BECA5A}.Release|x64.Build.0 = Release|Any CPU
		{324F45B1-333D-4C23-B5D9-97BAB9BECA5A}.Release|x86.ActiveCfg = Release|Any CPU
		{324F45B1-333D-4C23-B5D9-97BAB9BECA5A}.Release|x86.Build.0 = Release|Any CPU
		{E943E121-CCDC-45D8-ABFF-E7563B0CCC87}.Debug|Any CPU.ActiveCfg = Debug|Any CPU
		{E943E121-CCDC-45D8-ABFF-E7563B0CCC87}.Debug|Any CPU.Build.0 = Debug|Any CPU
		{E943E121-CCDC-45D8-ABFF-E7563B0CCC87}.Debug|x64.ActiveCfg = Debug|Any CPU
		{E943E121-CCDC-45D8-ABFF-E7563B0CCC87}.Debug|x64.Build.0 = Debug|Any CPU
		{E943E121-CCDC-45D8-ABFF-E7563B0CCC87}.Debug|x86.ActiveCfg = Debug|Any CPU
		{E943E121-CCDC-45D8-ABFF-E7563B0CCC87}.Debug|x86.Build.0 = Debug|Any CPU
		{E943E121-CCDC-45D8-ABFF-E7563B0CCC87}.Release|Any CPU.ActiveCfg = Release|Any CPU
		{E943E121-CCDC-45D8-ABFF-E7563B0CCC87}.Release|Any CPU.Build.0 = Release|Any CPU
		{E943E121-CCDC-45D8-ABFF-E7563B0CCC87}.Release|x64.ActiveCfg = Release|Any CPU
		{E943E121-CCDC-45D8-ABFF-E7563B0CCC87}.Release|x64.Build.0 = Release|Any CPU
		{E943E121-CCDC-45D8-ABFF-E7563B0CCC87}.Release|x86.ActiveCfg = Release|Any CPU
		{E943E121-CCDC-45D8-ABFF-E7563B0CCC87}.Release|x86.Build.0 = Release|Any CPU
		{E6DC5D9B-F123-481B-B41B-C7116C91CC14}.Debug|Any CPU.ActiveCfg = Debug|Any CPU
		{E6DC5D9B-F123-481B-B41B-C7116C91CC14}.Debug|Any CPU.Build.0 = Debug|Any CPU
		{E6DC5D9B-F123-481B-B41B-C7116C91CC14}.Debug|x64.ActiveCfg = Debug|Any CPU
		{E6DC5D9B-F123-481B-B41B-C7116C91CC14}.Debug|x64.Build.0 = Debug|Any CPU
		{E6DC5D9B-F123-481B-B41B-C7116C91CC14}.Debug|x86.ActiveCfg = Debug|Any CPU
		{E6DC5D9B-F123-481B-B41B-C7116C91CC14}.Debug|x86.Build.0 = Debug|Any CPU
		{E6DC5D9B-F123-481B-B41B-C7116C91CC14}.Release|Any CPU.ActiveCfg = Release|Any CPU
		{E6DC5D9B-F123-481B-B41B-C7116C91CC14}.Release|Any CPU.Build.0 = Release|Any CPU
		{E6DC5D9B-F123-481B-B41B-C7116C91CC14}.Release|x64.ActiveCfg = Release|Any CPU
		{E6DC5D9B-F123-481B-B41B-C7116C91CC14}.Release|x64.Build.0 = Release|Any CPU
		{E6DC5D9B-F123-481B-B41B-C7116C91CC14}.Release|x86.ActiveCfg = Release|Any CPU
		{E6DC5D9B-F123-481B-B41B-C7116C91CC14}.Release|x86.Build.0 = Release|Any CPU
	EndGlobalSection
	GlobalSection(SolutionProperties) = preSolution
		HideSolutionNode = FALSE
	EndGlobalSection
	GlobalSection(NestedProjects) = preSolution
		{EC447DCF-ABFA-6E24-52A5-D7FD48A5C558} = {827E0CD3-B72D-47B6-A68D-7590B98EB39B}
		{B84A1BDD-2941-2BDC-15F2-488482FDCA47} = {EC447DCF-ABFA-6E24-52A5-D7FD48A5C558}
		{E6DC5D9B-F123-481B-B41B-C7116C91CC14} = {B84A1BDD-2941-2BDC-15F2-488482FDCA47}
	EndGlobalSection
	GlobalSection(ExtensibilityGlobals) = postSolution
		SolutionGuid = {BD6FF5B3-76F4-484E-B058-8338FFCF98E5}
	EndGlobalSection
EndGlobal
